
Microsoft Visual Studio Solution File, Format Version 12.00
# Visual Studio Version 17
VisualStudioVersion = 17.12.35521.163 d17.12
MinimumVisualStudioVersion = 10.0.40219.1
Project("{FAE04EC0-301F-11D3-BF4B-00C04F79EFBC}") = "myDailyTask.Api", "myDailyTask.Api.csproj", "{66E8EFFE-AB44-4F34-BE86-D42A3CF39A56}"
EndProject
Project("{FAE04EC0-301F-11D3-BF4B-00C04F79EFBC}") = "myDailyTask.BusinessLayer", "..\myDailyTask.BusinessLayer\myDailyTask.BusinessLayer.csproj", "{2DC946A2-28B8-4CA5-B31F-DB8660808E6B}"
EndProject
Project("{FAE04EC0-301F-11D3-BF4B-00C04F79EFBC}") = "myDailyTask.DataAccessLayer", "..\myDailyTask.DataAccessLayer\myDailyTask.DataAccessLayer.csproj", "{448F4E92-6D8D-4559-9C0F-51DCE41E586E}"
EndProject
Project("{FAE04EC0-301F-11D3-BF4B-00C04F79EFBC}") = "myDailyTask.Model", "..\myDailyTask.Model\myDailyTask.Model.csproj", "{AFEF34B1-CC27-42F6-9CAE-BF0774A51151}"
EndProject
Project("{FAE04EC0-301F-11D3-BF4B-00C04F79EFBC}") = "myDailyTask.Common", "..\myDailyTask.Common\myDailyTask.Common.csproj", "{A60B0C02-54DE-4CC0-8475-87FB6E8B270C}"
EndProject
Global
	GlobalSection(SolutionConfigurationPlatforms) = preSolution
		Debug|Any CPU = Debug|Any CPU
		Release|Any CPU = Release|Any CPU
	EndGlobalSection
	GlobalSection(ProjectConfigurationPlatforms) = postSolution
		{66E8EFFE-AB44-4F34-BE86-D42A3CF39A56}.Debug|Any CPU.ActiveCfg = Debug|Any CPU
		{66E8EFFE-AB44-4F34-BE86-D42A3CF39A56}.Debug|Any CPU.Build.0 = Debug|Any CPU
		{66E8EFFE-AB44-4F34-BE86-D42A3CF39A56}.Release|Any CPU.ActiveCfg = Release|Any CPU
		{66E8EFFE-AB44-4F34-BE86-D42A3CF39A56}.Release|Any CPU.Build.0 = Release|Any CPU
		{2DC946A2-28B8-4CA5-B31F-DB8660808E6B}.Debug|Any CPU.ActiveCfg = Debug|Any CPU
		{2DC946A2-28B8-4CA5-B31F-DB8660808E6B}.Debug|Any CPU.Build.0 = Debug|Any CPU
		{2DC946A2-28B8-4CA5-B31F-DB8660808E6B}.Release|Any CPU.ActiveCfg = Release|Any CPU
		{2DC946A2-28B8-4CA5-B31F-DB8660808E6B}.Release|Any CPU.Build.0 = Release|Any CPU
		{448F4E92-6D8D-4559-9C0F-51DCE41E586E}.Debug|Any CPU.ActiveCfg = Debug|Any CPU
		{448F4E92-6D8D-4559-9C0F-51DCE41E586E}.Debug|Any CPU.Build.0 = Debug|Any CPU
		{448F4E92-6D8D-4559-9C0F-51DCE41E586E}.Release|Any CPU.ActiveCfg = Release|Any CPU
		{448F4E92-6D8D-4559-9C0F-51DCE41E586E}.Release|Any CPU.Build.0 = Release|Any CPU
		{AFEF34B1-CC27-42F6-9CAE-BF0774A51151}.Debug|Any CPU.ActiveCfg = Debug|Any CPU
		{AFEF34B1-CC27-42F6-9CAE-BF0774A51151}.Debug|Any CPU.Build.0 = Debug|Any CPU
		{AFEF34B1-CC27-42F6-9CAE-BF0774A51151}.Release|Any CPU.ActiveCfg = Release|Any CPU
		{AFEF34B1-CC27-42F6-9CAE-BF0774A51151}.Release|Any CPU.Build.0 = Release|Any CPU
		{A60B0C02-54DE-4CC0-8475-87FB6E8B270C}.Debug|Any CPU.ActiveCfg = Debug|Any CPU
		{A60B0C02-54DE-4CC0-8475-87FB6E8B270C}.Debug|Any CPU.Build.0 = Debug|Any CPU
		{A60B0C02-54DE-4CC0-8475-87FB6E8B270C}.Release|Any CPU.ActiveCfg = Release|Any CPU
		{A60B0C02-54DE-4CC0-8475-87FB6E8B270C}.Release|Any CPU.Build.0 = Release|Any CPU
	EndGlobalSection
	GlobalSection(SolutionProperties) = preSolution
		HideSolutionNode = FALSE
	EndGlobalSection
EndGlobal
